// !$*UTF8*$!
{
	archiveVersion = 1;
	classes = {
	};
	objectVersion = 56;
	objects = {

/* Begin PBXBuildFile section */
		AC124DD12A544F5000D63D23 /* ActivityDetailsView.swift in Sources */ = {isa = PBXBuildFile; fileRef = AC124DD02A544F5000D63D23 /* ActivityDetailsView.swift */; };
		AC5359602A4EE5B50046B5A1 /* ProfileStruct.swift in Sources */ = {isa = PBXBuildFile; fileRef = AC53595F2A4EE5B50046B5A1 /* ProfileStruct.swift */; };
		AC6126102A4C20CE002C3ED7 /* ActivityStore.swift in Sources */ = {isa = PBXBuildFile; fileRef = AC61260F2A4C20CE002C3ED7 /* ActivityStore.swift */; };
		AC6126122A4C27B1002C3ED7 /* NewActivity.swift in Sources */ = {isa = PBXBuildFile; fileRef = AC6126112A4C27B1002C3ED7 /* NewActivity.swift */; };
		AC665B552A5692DC0061DD14 /* ActivityDetailStore.swift in Sources */ = {isa = PBXBuildFile; fileRef = AC665B542A5692DC0061DD14 /* ActivityDetailStore.swift */; };
		AC665B572A5697B00061DD14 /* CommentStruct.swift in Sources */ = {isa = PBXBuildFile; fileRef = AC665B562A5697B00061DD14 /* CommentStruct.swift */; };
		ACA6F4CE2A49764C00724276 /* MyFirstAppApp.swift in Sources */ = {isa = PBXBuildFile; fileRef = ACA6F4CD2A49764C00724276 /* MyFirstAppApp.swift */; };
		ACA6F4D22A49764D00724276 /* Assets.xcassets in Resources */ = {isa = PBXBuildFile; fileRef = ACA6F4D12A49764D00724276 /* Assets.xcassets */; };
		ACA6F4D52A49764D00724276 /* Preview Assets.xcassets in Resources */ = {isa = PBXBuildFile; fileRef = ACA6F4D42A49764D00724276 /* Preview Assets.xcassets */; };
		ACA6F4DC2A49766400724276 /* MainScreen.swift in Sources */ = {isa = PBXBuildFile; fileRef = ACA6F4DB2A49766400724276 /* MainScreen.swift */; };
		ACA6F4DE2A497A7800724276 /* Activity.swift in Sources */ = {isa = PBXBuildFile; fileRef = ACA6F4DD2A497A7800724276 /* Activity.swift */; };
		ACA6F4E02A497F7E00724276 /* ActivityCard.swift in Sources */ = {isa = PBXBuildFile; fileRef = ACA6F4DF2A497F7E00724276 /* ActivityCard.swift */; };
		ACA6F4E22A4996F400724276 /* ProfileView.swift in Sources */ = {isa = PBXBuildFile; fileRef = ACA6F4E12A4996F400724276 /* ProfileView.swift */; };
		ACA6F4E42A499C4800724276 /* FavoritesView.swift in Sources */ = {isa = PBXBuildFile; fileRef = ACA6F4E32A499C4800724276 /* FavoritesView.swift */; };
		ACC6A3702A52E2D2003C7156 /* ProfileFormView.swift in Sources */ = {isa = PBXBuildFile; fileRef = ACC6A36F2A52E2D2003C7156 /* ProfileFormView.swift */; };
		ACC6A3742A540520003C7156 /* ProfileStore.swift in Sources */ = {isa = PBXBuildFile; fileRef = ACC6A3732A540520003C7156 /* ProfileStore.swift */; };
		ACD11A012A541F570046ECB6 /* Localizable.strings in Resources */ = {isa = PBXBuildFile; fileRef = ACD11A032A541F570046ECB6 /* Localizable.strings */; };
		ACD11A0D2A5420F50046ECB6 /* Localizable.strings in Resources */ = {isa = PBXBuildFile; fileRef = ACD11A0F2A5420F50046ECB6 /* Localizable.strings */; };
		ACF0C1412A49D2F5008D10A8 /* TabItem.swift in Sources */ = {isa = PBXBuildFile; fileRef = ACF0C1402A49D2F5008D10A8 /* TabItem.swift */; };
		ACF0C1432A4AD35F008D10A8 /* ActivityCardWithAnimation.swift in Sources */ = {isa = PBXBuildFile; fileRef = ACF0C1422A4AD35F008D10A8 /* ActivityCardWithAnimation.swift */; };
/* End PBXBuildFile section */

/* Begin PBXFileReference section */
		AC124DD02A544F5000D63D23 /* ActivityDetailsView.swift */ = {isa = PBXFileReference; lastKnownFileType = sourcecode.swift; path = ActivityDetailsView.swift; sourceTree = "<group>"; };
		AC53595F2A4EE5B50046B5A1 /* ProfileStruct.swift */ = {isa = PBXFileReference; lastKnownFileType = sourcecode.swift; path = ProfileStruct.swift; sourceTree = "<group>"; };
		AC61260F2A4C20CE002C3ED7 /* ActivityStore.swift */ = {isa = PBXFileReference; lastKnownFileType = sourcecode.swift; path = ActivityStore.swift; sourceTree = "<group>"; };
		AC6126112A4C27B1002C3ED7 /* NewActivity.swift */ = {isa = PBXFileReference; lastKnownFileType = sourcecode.swift; path = NewActivity.swift; sourceTree = "<group>"; };
		AC665B542A5692DC0061DD14 /* ActivityDetailStore.swift */ = {isa = PBXFileReference; lastKnownFileType = sourcecode.swift; path = ActivityDetailStore.swift; sourceTree = "<group>"; };
		AC665B562A5697B00061DD14 /* CommentStruct.swift */ = {isa = PBXFileReference; lastKnownFileType = sourcecode.swift; path = CommentStruct.swift; sourceTree = "<group>"; };
		ACA6F4CA2A49764C00724276 /* MyFirstApp.app */ = {isa = PBXFileReference; explicitFileType = wrapper.application; includeInIndex = 0; path = MyFirstApp.app; sourceTree = BUILT_PRODUCTS_DIR; };
		ACA6F4CD2A49764C00724276 /* MyFirstAppApp.swift */ = {isa = PBXFileReference; lastKnownFileType = sourcecode.swift; path = MyFirstAppApp.swift; sourceTree = "<group>"; };
		ACA6F4D12A49764D00724276 /* Assets.xcassets */ = {isa = PBXFileReference; lastKnownFileType = folder.assetcatalog; path = Assets.xcassets; sourceTree = "<group>"; };
		ACA6F4D42A49764D00724276 /* Preview Assets.xcassets */ = {isa = PBXFileReference; lastKnownFileType = folder.assetcatalog; path = "Preview Assets.xcassets"; sourceTree = "<group>"; };
		ACA6F4DB2A49766400724276 /* MainScreen.swift */ = {isa = PBXFileReference; lastKnownFileType = sourcecode.swift; path = MainScreen.swift; sourceTree = "<group>"; xcLanguageSpecificationIdentifier = xcode.lang.swift; };
		ACA6F4DD2A497A7800724276 /* Activity.swift */ = {isa = PBXFileReference; lastKnownFileType = sourcecode.swift; path = Activity.swift; sourceTree = "<group>"; };
		ACA6F4DF2A497F7E00724276 /* ActivityCard.swift */ = {isa = PBXFileReference; lastKnownFileType = sourcecode.swift; path = ActivityCard.swift; sourceTree = "<group>"; };
		ACA6F4E12A4996F400724276 /* ProfileView.swift */ = {isa = PBXFileReference; lastKnownFileType = sourcecode.swift; path = ProfileView.swift; sourceTree = "<group>"; };
		ACA6F4E32A499C4800724276 /* FavoritesView.swift */ = {isa = PBXFileReference; lastKnownFileType = sourcecode.swift; path = FavoritesView.swift; sourceTree = "<group>"; };
		ACC6A36F2A52E2D2003C7156 /* ProfileFormView.swift */ = {isa = PBXFileReference; lastKnownFileType = sourcecode.swift; path = ProfileFormView.swift; sourceTree = "<group>"; };
		ACC6A3732A540520003C7156 /* ProfileStore.swift */ = {isa = PBXFileReference; lastKnownFileType = sourcecode.swift; path = ProfileStore.swift; sourceTree = "<group>"; };
		ACD119FE2A541EF90046ECB6 /* Info.plist */ = {isa = PBXFileReference; lastKnownFileType = text.plist; path = Info.plist; sourceTree = "<group>"; };
		ACD11A022A541F570046ECB6 /* en */ = {isa = PBXFileReference; lastKnownFileType = text.plist.strings; name = en; path = en.lproj/Localizable.strings; sourceTree = "<group>"; };
		ACD11A0E2A5420F50046ECB6 /* ro */ = {isa = PBXFileReference; lastKnownFileType = text.plist.strings; name = ro; path = ro.lproj/Localizable.strings; sourceTree = "<group>"; };
		ACF0C1402A49D2F5008D10A8 /* TabItem.swift */ = {isa = PBXFileReference; lastKnownFileType = sourcecode.swift; path = TabItem.swift; sourceTree = "<group>"; };
		ACF0C1422A4AD35F008D10A8 /* ActivityCardWithAnimation.swift */ = {isa = PBXFileReference; lastKnownFileType = sourcecode.swift; path = ActivityCardWithAnimation.swift; sourceTree = "<group>"; };
/* End PBXFileReference section */

/* Begin PBXFrameworksBuildPhase section */
		ACA6F4C72A49764C00724276 /* Frameworks */ = {
			isa = PBXFrameworksBuildPhase;
			buildActionMask = 2147483647;
			files = (
			);
			runOnlyForDeploymentPostprocessing = 0;
		};
/* End PBXFrameworksBuildPhase section */

/* Begin PBXGroup section */
		ACA6F4C12A49764C00724276 = {
			isa = PBXGroup;
			children = (
				ACA6F4CC2A49764C00724276 /* MyFirstApp */,
				ACA6F4CB2A49764C00724276 /* Products */,
			);
			sourceTree = "<group>";
		};
		ACA6F4CB2A49764C00724276 /* Products */ = {
			isa = PBXGroup;
			children = (
				ACA6F4CA2A49764C00724276 /* MyFirstApp.app */,
			);
			name = Products;
			sourceTree = "<group>";
		};
		ACA6F4CC2A49764C00724276 /* MyFirstApp */ = {
			isa = PBXGroup;
			children = (
				ACD119FE2A541EF90046ECB6 /* Info.plist */,
				ACC6A3722A53FD4A003C7156 /* Activities + Favorite */,
				ACC6A3712A53FD2C003C7156 /* Profile */,
				ACF0C1402A49D2F5008D10A8 /* TabItem.swift */,
				AC61260F2A4C20CE002C3ED7 /* ActivityStore.swift */,
				AC665B542A5692DC0061DD14 /* ActivityDetailStore.swift */,
				ACC6A3732A540520003C7156 /* ProfileStore.swift */,
				ACA6F4CD2A49764C00724276 /* MyFirstAppApp.swift */,
				ACD11A032A541F570046ECB6 /* Localizable.strings */,
				ACD11A0F2A5420F50046ECB6 /* Localizable.strings */,
				ACA6F4D12A49764D00724276 /* Assets.xcassets */,
				ACA6F4D32A49764D00724276 /* Preview Content */,
			);
			path = MyFirstApp;
			sourceTree = "<group>";
		};
		ACA6F4D32A49764D00724276 /* Preview Content */ = {
			isa = PBXGroup;
			children = (
				ACA6F4D42A49764D00724276 /* Preview Assets.xcassets */,
			);
			path = "Preview Content";
			sourceTree = "<group>";
		};
		ACC6A3712A53FD2C003C7156 /* Profile */ = {
			isa = PBXGroup;
			children = (
				ACA6F4E12A4996F400724276 /* ProfileView.swift */,
				ACC6A36F2A52E2D2003C7156 /* ProfileFormView.swift */,
				AC53595F2A4EE5B50046B5A1 /* ProfileStruct.swift */,
			);
			path = Profile;
			sourceTree = "<group>";
		};
		ACC6A3722A53FD4A003C7156 /* Activities + Favorite */ = {
			isa = PBXGroup;
			children = (
				ACA6F4DB2A49766400724276 /* MainScreen.swift */,
				ACF0C1422A4AD35F008D10A8 /* ActivityCardWithAnimation.swift */,
				ACA6F4DF2A497F7E00724276 /* ActivityCard.swift */,
				ACA6F4DD2A497A7800724276 /* Activity.swift */,
				ACA6F4E32A499C4800724276 /* FavoritesView.swift */,
				AC6126112A4C27B1002C3ED7 /* NewActivity.swift */,
				AC124DD02A544F5000D63D23 /* ActivityDetailsView.swift */,
				AC665B562A5697B00061DD14 /* CommentStruct.swift */,
			);
			path = "Activities + Favorite";
			sourceTree = "<group>";
		};
/* End PBXGroup section */

/* Begin PBXNativeTarget section */
		ACA6F4C92A49764C00724276 /* MyFirstApp */ = {
			isa = PBXNativeTarget;
			buildConfigurationList = ACA6F4D82A49764D00724276 /* Build configuration list for PBXNativeTarget "MyFirstApp" */;
			buildPhases = (
				ACA6F4C62A49764C00724276 /* Sources */,
				ACA6F4C72A49764C00724276 /* Frameworks */,
				ACA6F4C82A49764C00724276 /* Resources */,
			);
			buildRules = (
			);
			dependencies = (
			);
			name = MyFirstApp;
			productName = MyFirstApp;
			productReference = ACA6F4CA2A49764C00724276 /* MyFirstApp.app */;
			productType = "com.apple.product-type.application";
		};
/* End PBXNativeTarget section */

/* Begin PBXProject section */
		ACA6F4C22A49764C00724276 /* Project object */ = {
			isa = PBXProject;
			attributes = {
				BuildIndependentTargetsInParallel = 1;
				LastSwiftUpdateCheck = 1430;
				LastUpgradeCheck = 1430;
				TargetAttributes = {
					ACA6F4C92A49764C00724276 = {
						CreatedOnToolsVersion = 14.3.1;
					};
				};
			};
			buildConfigurationList = ACA6F4C52A49764C00724276 /* Build configuration list for PBXProject "MyFirstApp" */;
			compatibilityVersion = "Xcode 14.0";
			developmentRegion = en;
			hasScannedForEncodings = 0;
			knownRegions = (
				en,
				Base,
				ro,
			);
			mainGroup = ACA6F4C12A49764C00724276;
			productRefGroup = ACA6F4CB2A49764C00724276 /* Products */;
			projectDirPath = "";
			projectRoot = "";
			targets = (
				ACA6F4C92A49764C00724276 /* MyFirstApp */,
			);
		};
/* End PBXProject section */

/* Begin PBXResourcesBuildPhase section */
		ACA6F4C82A49764C00724276 /* Resources */ = {
			isa = PBXResourcesBuildPhase;
			buildActionMask = 2147483647;
			files = (
				ACA6F4D52A49764D00724276 /* Preview Assets.xcassets in Resources */,
				ACD11A0D2A5420F50046ECB6 /* Localizable.strings in Resources */,
				ACD11A012A541F570046ECB6 /* Localizable.strings in Resources */,
				ACA6F4D22A49764D00724276 /* Assets.xcassets in Resources */,
			);
			runOnlyForDeploymentPostprocessing = 0;
		};
/* End PBXResourcesBuildPhase section */

/* Begin PBXSourcesBuildPhase section */
		ACA6F4C62A49764C00724276 /* Sources */ = {
			isa = PBXSourcesBuildPhase;
			buildActionMask = 2147483647;
			files = (
				ACA6F4DE2A497A7800724276 /* Activity.swift in Sources */,
				ACC6A3742A540520003C7156 /* ProfileStore.swift in Sources */,
				ACA6F4DC2A49766400724276 /* MainScreen.swift in Sources */,
				ACC6A3702A52E2D2003C7156 /* ProfileFormView.swift in Sources */,
				ACF0C1412A49D2F5008D10A8 /* TabItem.swift in Sources */,
				ACA6F4E02A497F7E00724276 /* ActivityCard.swift in Sources */,
				AC124DD12A544F5000D63D23 /* ActivityDetailsView.swift in Sources */,
				ACA6F4E42A499C4800724276 /* FavoritesView.swift in Sources */,
				ACF0C1432A4AD35F008D10A8 /* ActivityCardWithAnimation.swift in Sources */,
				AC665B572A5697B00061DD14 /* CommentStruct.swift in Sources */,
				ACA6F4E22A4996F400724276 /* ProfileView.swift in Sources */,
				AC6126122A4C27B1002C3ED7 /* NewActivity.swift in Sources */,
				AC5359602A4EE5B50046B5A1 /* ProfileStruct.swift in Sources */,
				AC665B552A5692DC0061DD14 /* ActivityDetailStore.swift in Sources */,
				ACA6F4CE2A49764C00724276 /* MyFirstAppApp.swift in Sources */,
				AC6126102A4C20CE002C3ED7 /* ActivityStore.swift in Sources */,
			);
			runOnlyForDeploymentPostprocessing = 0;
		};
/* End PBXSourcesBuildPhase section */

/* Begin PBXVariantGroup section */
		ACD11A032A541F570046ECB6 /* Localizable.strings */ = {
			isa = PBXVariantGroup;
			children = (
				ACD11A022A541F570046ECB6 /* en */,
			);
			name = Localizable.strings;
			sourceTree = "<group>";
		};
		ACD11A0F2A5420F50046ECB6 /* Localizable.strings */ = {
			isa = PBXVariantGroup;
			children = (
				ACD11A0E2A5420F50046ECB6 /* ro */,
			);
			name = Localizable.strings;
			sourceTree = "<group>";
		};
/* End PBXVariantGroup section */

/* Begin XCBuildConfiguration section */
		ACA6F4D62A49764D00724276 /* Debug */ = {
			isa = XCBuildConfiguration;
			buildSettings = {
				ALWAYS_SEARCH_USER_PATHS = NO;
				CLANG_ANALYZER_NONNULL = YES;
				CLANG_ANALYZER_NUMBER_OBJECT_CONVERSION = YES_AGGRESSIVE;
				CLANG_CXX_LANGUAGE_STANDARD = "gnu++20";
				CLANG_ENABLE_MODULES = YES;
				CLANG_ENABLE_OBJC_ARC = YES;
				CLANG_ENABLE_OBJC_WEAK = YES;
				CLANG_WARN_BLOCK_CAPTURE_AUTORELEASING = YES;
				CLANG_WARN_BOOL_CONVERSION = YES;
				CLANG_WARN_COMMA = YES;
				CLANG_WARN_CONSTANT_CONVERSION = YES;
				CLANG_WARN_DEPRECATED_OBJC_IMPLEMENTATIONS = YES;
				CLANG_WARN_DIRECT_OBJC_ISA_USAGE = YES_ERROR;
				CLANG_WARN_DOCUMENTATION_COMMENTS = YES;
				CLANG_WARN_EMPTY_BODY = YES;
				CLANG_WARN_ENUM_CONVERSION = YES;
				CLANG_WARN_INFINITE_RECURSION = YES;
				CLANG_WARN_INT_CONVERSION = YES;
				CLANG_WARN_NON_LITERAL_NULL_CONVERSION = YES;
				CLANG_WARN_OBJC_IMPLICIT_RETAIN_SELF = YES;
				CLANG_WARN_OBJC_LITERAL_CONVERSION = YES;
				CLANG_WARN_OBJC_ROOT_CLASS = YES_ERROR;
				CLANG_WARN_QUOTED_INCLUDE_IN_FRAMEWORK_HEADER = YES;
				CLANG_WARN_RANGE_LOOP_ANALYSIS = YES;
				CLANG_WARN_STRICT_PROTOTYPES = YES;
				CLANG_WARN_SUSPICIOUS_MOVE = YES;
				CLANG_WARN_UNGUARDED_AVAILABILITY = YES_AGGRESSIVE;
				CLANG_WARN_UNREACHABLE_CODE = YES;
				CLANG_WARN__DUPLICATE_METHOD_MATCH = YES;
				COPY_PHASE_STRIP = NO;
				DEBUG_INFORMATION_FORMAT = dwarf;
				ENABLE_STRICT_OBJC_MSGSEND = YES;
				ENABLE_TESTABILITY = YES;
				GCC_C_LANGUAGE_STANDARD = gnu11;
				GCC_DYNAMIC_NO_PIC = NO;
				GCC_NO_COMMON_BLOCKS = YES;
				GCC_OPTIMIZATION_LEVEL = 0;
				GCC_PREPROCESSOR_DEFINITIONS = (
					"DEBUG=1",
					"$(inherited)",
				);
				GCC_WARN_64_TO_32_BIT_CONVERSION = YES;
				GCC_WARN_ABOUT_RETURN_TYPE = YES_ERROR;
				GCC_WARN_UNDECLARED_SELECTOR = YES;
				GCC_WARN_UNINITIALIZED_AUTOS = YES_AGGRESSIVE;
				GCC_WARN_UNUSED_FUNCTION = YES;
				GCC_WARN_UNUSED_VARIABLE = YES;
				IPHONEOS_DEPLOYMENT_TARGET = 16.4;
				MTL_ENABLE_DEBUG_INFO = INCLUDE_SOURCE;
				MTL_FAST_MATH = YES;
				ONLY_ACTIVE_ARCH = YES;
				SDKROOT = iphoneos;
				SWIFT_ACTIVE_COMPILATION_CONDITIONS = DEBUG;
				SWIFT_OPTIMIZATION_LEVEL = "-Onone";
			};
			name = Debug;
		};
		ACA6F4D72A49764D00724276 /* Release */ = {
			isa = XCBuildConfiguration;
			buildSettings = {
				ALWAYS_SEARCH_USER_PATHS = NO;
				CLANG_ANALYZER_NONNULL = YES;
				CLANG_ANALYZER_NUMBER_OBJECT_CONVERSION = YES_AGGRESSIVE;
				CLANG_CXX_LANGUAGE_STANDARD = "gnu++20";
				CLANG_ENABLE_MODULES = YES;
				CLANG_ENABLE_OBJC_ARC = YES;
				CLANG_ENABLE_OBJC_WEAK = YES;
				CLANG_WARN_BLOCK_CAPTURE_AUTORELEASING = YES;
				CLANG_WARN_BOOL_CONVERSION = YES;
				CLANG_WARN_COMMA = YES;
				CLANG_WARN_CONSTANT_CONVERSION = YES;
				CLANG_WARN_DEPRECATED_OBJC_IMPLEMENTATIONS = YES;
				CLANG_WARN_DIRECT_OBJC_ISA_USAGE = YES_ERROR;
				CLANG_WARN_DOCUMENTATION_COMMENTS = YES;
				CLANG_WARN_EMPTY_BODY = YES;
				CLANG_WARN_ENUM_CONVERSION = YES;
				CLANG_WARN_INFINITE_RECURSION = YES;
				CLANG_WARN_INT_CONVERSION = YES;
				CLANG_WARN_NON_LITERAL_NULL_CONVERSION = YES;
				CLANG_WARN_OBJC_IMPLICIT_RETAIN_SELF = YES;
				CLANG_WARN_OBJC_LITERAL_CONVERSION = YES;
				CLANG_WARN_OBJC_ROOT_CLASS = YES_ERROR;
				CLANG_WARN_QUOTED_INCLUDE_IN_FRAMEWORK_HEADER = YES;
				CLANG_WARN_RANGE_LOOP_ANALYSIS = YES;
				CLANG_WARN_STRICT_PROTOTYPES = YES;
				CLANG_WARN_SUSPICIOUS_MOVE = YES;
				CLANG_WARN_UNGUARDED_AVAILABILITY = YES_AGGRESSIVE;
				CLANG_WARN_UNREACHABLE_CODE = YES;
				CLANG_WARN__DUPLICATE_METHOD_MATCH = YES;
				COPY_PHASE_STRIP = NO;
				DEBUG_INFORMATION_FORMAT = "dwarf-with-dsym";
				ENABLE_NS_ASSERTIONS = NO;
				ENABLE_STRICT_OBJC_MSGSEND = YES;
				GCC_C_LANGUAGE_STANDARD = gnu11;
				GCC_NO_COMMON_BLOCKS = YES;
				GCC_WARN_64_TO_32_BIT_CONVERSION = YES;
				GCC_WARN_ABOUT_RETURN_TYPE = YES_ERROR;
				GCC_WARN_UNDECLARED_SELECTOR = YES;
				GCC_WARN_UNINITIALIZED_AUTOS = YES_AGGRESSIVE;
				GCC_WARN_UNUSED_FUNCTION = YES;
				GCC_WARN_UNUSED_VARIABLE = YES;
				IPHONEOS_DEPLOYMENT_TARGET = 16.4;
				MTL_ENABLE_DEBUG_INFO = NO;
				MTL_FAST_MATH = YES;
				SDKROOT = iphoneos;
				SWIFT_COMPILATION_MODE = wholemodule;
				SWIFT_OPTIMIZATION_LEVEL = "-O";
				VALIDATE_PRODUCT = YES;
			};
			name = Release;
		};
		ACA6F4D92A49764D00724276 /* Debug */ = {
			isa = XCBuildConfiguration;
			buildSettings = {
				ASSETCATALOG_COMPILER_APPICON_NAME = AppIcon;
				ASSETCATALOG_COMPILER_GLOBAL_ACCENT_COLOR_NAME = AccentColor;
				CODE_SIGN_STYLE = Automatic;
				CURRENT_PROJECT_VERSION = 1;
				DEVELOPMENT_ASSET_PATHS = "\"MyFirstApp/Preview Content\"";
				ENABLE_PREVIEWS = YES;
				GENERATE_INFOPLIST_FILE = YES;
				INFOPLIST_FILE = MyFirstApp/Info.plist;
				INFOPLIST_KEY_UIApplicationSceneManifest_Generation = YES;
				INFOPLIST_KEY_UIApplicationSupportsIndirectInputEvents = YES;
				INFOPLIST_KEY_UILaunchScreen_Generation = YES;
				INFOPLIST_KEY_UISupportedInterfaceOrientations_iPad = "UIInterfaceOrientationPortrait UIInterfaceOrientationPortraitUpsideDown UIInterfaceOrientationLandscapeLeft UIInterfaceOrientationLandscapeRight";
				INFOPLIST_KEY_UISupportedInterfaceOrientations_iPhone = "UIInterfaceOrientationPortrait UIInterfaceOrientationLandscapeLeft UIInterfaceOrientationLandscapeRight";
				LD_RUNPATH_SEARCH_PATHS = (
					"$(inherited)",
					"@executable_path/Frameworks",
				);
				MARKETING_VERSION = 1.0;
				PRODUCT_BUNDLE_IDENTIFIER = com.example.MyFirstApp;
				PRODUCT_NAME = "$(TARGET_NAME)";
				SWIFT_EMIT_LOC_STRINGS = YES;
				SWIFT_VERSION = 5.0;
				TARGETED_DEVICE_FAMILY = "1,2";
			};
			name = Debug;
		};
		ACA6F4DA2A49764D00724276 /* Release */ = {
			isa = XCBuildConfiguration;
			buildSettings = {
				ASSETCATALOG_COMPILER_APPICON_NAME = AppIcon;
				ASSETCATALOG_COMPILER_GLOBAL_ACCENT_COLOR_NAME = AccentColor;
				CODE_SIGN_STYLE = Automatic;
				CURRENT_PROJECT_VERSION = 1;
				DEVELOPMENT_ASSET_PATHS = "\"MyFirstApp/Preview Content\"";
				ENABLE_PREVIEWS = YES;
				GENERATE_INFOPLIST_FILE = YES;
				INFOPLIST_FILE = MyFirstApp/Info.plist;
				INFOPLIST_KEY_UIApplicationSceneManifest_Generation = YES;
				INFOPLIST_KEY_UIApplicationSupportsIndirectInputEvents = YES;
				INFOPLIST_KEY_UILaunchScreen_Generation = YES;
				INFOPLIST_KEY_UISupportedInterfaceOrientations_iPad = "UIInterfaceOrientationPortrait UIInterfaceOrientationPortraitUpsideDown UIInterfaceOrientationLandscapeLeft UIInterfaceOrientationLandscapeRight";
				INFOPLIST_KEY_UISupportedInterfaceOrientations_iPhone = "UIInterfaceOrientationPortrait UIInterfaceOrientationLandscapeLeft UIInterfaceOrientationLandscapeRight";
				LD_RUNPATH_SEARCH_PATHS = (
					"$(inherited)",
					"@executable_path/Frameworks",
				);
				MARKETING_VERSION = 1.0;
				PRODUCT_BUNDLE_IDENTIFIER = com.example.MyFirstApp;
				PRODUCT_NAME = "$(TARGET_NAME)";
				SWIFT_EMIT_LOC_STRINGS = YES;
				SWIFT_VERSION = 5.0;
				TARGETED_DEVICE_FAMILY = "1,2";
			};
			name = Release;
		};
/* End XCBuildConfiguration section */

/* Begin XCConfigurationList section */
		ACA6F4C52A49764C00724276 /* Build configuration list for PBXProject "MyFirstApp" */ = {
			isa = XCConfigurationList;
			buildConfigurations = (
				ACA6F4D62A49764D00724276 /* Debug */,
				ACA6F4D72A49764D00724276 /* Release */,
			);
			defaultConfigurationIsVisible = 0;
			defaultConfigurationName = Release;
		};
		ACA6F4D82A49764D00724276 /* Build configuration list for PBXNativeTarget "MyFirstApp" */ = {
			isa = XCConfigurationList;
			buildConfigurations = (
				ACA6F4D92A49764D00724276 /* Debug */,
				ACA6F4DA2A49764D00724276 /* Release */,
			);
			defaultConfigurationIsVisible = 0;
			defaultConfigurationName = Release;
		};
/* End XCConfigurationList section */
	};
	rootObject = ACA6F4C22A49764C00724276 /* Project object */;
}
